Microsoft Visual Studio Solution File, Format Version 11.00
# Visual Studio 2008

Project("{83925001-A044-CDFE-0C64-E9A44345B66D}") = "CSharp", "Assembly-CSharp.csproj", "{AF93441A-9822-2A71-8137-65540B006A51}"
EndProject
Global
	GlobalSection(SolutionConfigurationPlatforms) = preSolution
		Debug|Any CPU = Debug|Any CPU
		Release|Any CPU = Release|Any CPU
	EndGlobalSection
	GlobalSection(ProjectConfigurationPlatforms) = postSolution
		{AF93441A-9822-2A71-8137-65540B006A51}.Debug|Any CPU.ActiveCfg = Debug|Any CPU
		{AF93441A-9822-2A71-8137-65540B006A51}.Debug|Any CPU.Build.0 = Debug|Any CPU
		{AF93441A-9822-2A71-8137-65540B006A51}.Release|Any CPU.ActiveCfg = Release|Any CPU
		{AF93441A-9822-2A71-8137-65540B006A51}.Release|Any CPU.Build.0 = Release|Any CPU
	EndGlobalSection
	GlobalSection(SolutionProperties) = preSolution
		HideSolutionNode = FALSE
	EndGlobalSection
	GlobalSection(MonoDevelopProperties) = preSolution
		StartupItem = Assembly-CSharp.csproj
	EndGlobalSection
EndGlobal
